
Microsoft Visual Studio Solution File, Format Version 12.00
# Visual Studio Version 17
VisualStudioVersion = 17.8.34330.188
MinimumVisualStudioVersion = 10.0.40219.1
Project("{FAE04EC0-301F-11D3-BF4B-00C04F79EFBC}") = "HandsOnConditionalAndIterativeStatemts", "HandsOnConditionalAndIterativeStatemts.csproj", "{D0043865-190B-4AED-857A-0DFFE8F8C747}"
EndProject
Global
	GlobalSection(SolutionConfigurationPlatforms) = preSolution
		Debug|Any CPU = Debug|Any CPU
		Release|Any CPU = Release|Any CPU
	EndGlobalSection
	GlobalSection(ProjectConfigurationPlatforms) = postSolution
		{D0043865-190B-4AED-857A-0DFFE8F8C747}.Debug|Any CPU.ActiveCfg = Debug|Any CPU
		{D0043865-190B-4AED-857A-0DFFE8F8C747}.Debug|Any CPU.Build.0 = Debug|Any CPU
		{D0043865-190B-4AED-857A-0DFFE8F8C747}.Release|Any CPU.ActiveCfg = Release|Any CPU
		{D0043865-190B-4AED-857A-0DFFE8F8C747}.Release|Any CPU.Build.0 = Release|Any CPU
	EndGlobalSection
	GlobalSection(SolutionProperties) = preSolution
		HideSolutionNode = FALSE
	EndGlobalSection
	GlobalSection(ExtensibilityGlobals) = postSolution
		SolutionGuid = {4F277F2A-E8CB-4EA8-A651-EC866FBC9061}
	EndGlobalSection
EndGlobal
