
Microsoft Visual Studio Solution File, Format Version 12.00
# Visual Studio Version 17
VisualStudioVersion = 17.8.34330.188
MinimumVisualStudioVersion = 10.0.40219.1
Project("{FAE04EC0-301F-11D3-BF4B-00C04F79EFBC}") = "SMSAPI", "SMSAPI.csproj", "{C52CE909-A478-43E9-9104-456DF31A9983}"
EndProject
Global
	GlobalSection(SolutionConfigurationPlatforms) = preSolution
		Debug|Any CPU = Debug|Any CPU
		Release|Any CPU = Release|Any CPU
	EndGlobalSection
	GlobalSection(ProjectConfigurationPlatforms) = postSolution
		{C52CE909-A478-43E9-9104-456DF31A9983}.Debug|Any CPU.ActiveCfg = Debug|Any CPU
		{C52CE909-A478-43E9-9104-456DF31A9983}.Debug|Any CPU.Build.0 = Debug|Any CPU
		{C52CE909-A478-43E9-9104-456DF31A9983}.Release|Any CPU.ActiveCfg = Release|Any CPU
		{C52CE909-A478-43E9-9104-456DF31A9983}.Release|Any CPU.Build.0 = Release|Any CPU
	EndGlobalSection
	GlobalSection(SolutionProperties) = preSolution
		HideSolutionNode = FALSE
	EndGlobalSection
	GlobalSection(ExtensibilityGlobals) = postSolution
		SolutionGuid = {2B377D9C-70A1-4F75-AD09-B782173046A2}
	EndGlobalSection
EndGlobal
