
Microsoft Visual Studio Solution File, Format Version 12.00
# Visual Studio Version 17
VisualStudioVersion = 17.8.34330.188
MinimumVisualStudioVersion = 10.0.40219.1
Project("{FAE04EC0-301F-11D3-BF4B-00C04F79EFBC}") = "HandsOnArrays", "HandsOnArrays.csproj", "{2821F32E-B4D6-4408-8C19-D5F86EF7AD5E}"
EndProject
Global
	GlobalSection(SolutionConfigurationPlatforms) = preSolution
		Debug|Any CPU = Debug|Any CPU
		Release|Any CPU = Release|Any CPU
	EndGlobalSection
	GlobalSection(ProjectConfigurationPlatforms) = postSolution
		{2821F32E-B4D6-4408-8C19-D5F86EF7AD5E}.Debug|Any CPU.ActiveCfg = Debug|Any CPU
		{2821F32E-B4D6-4408-8C19-D5F86EF7AD5E}.Debug|Any CPU.Build.0 = Debug|Any CPU
		{2821F32E-B4D6-4408-8C19-D5F86EF7AD5E}.Release|Any CPU.ActiveCfg = Release|Any CPU
		{2821F32E-B4D6-4408-8C19-D5F86EF7AD5E}.Release|Any CPU.Build.0 = Release|Any CPU
	EndGlobalSection
	GlobalSection(SolutionProperties) = preSolution
		HideSolutionNode = FALSE
	EndGlobalSection
	GlobalSection(ExtensibilityGlobals) = postSolution
		SolutionGuid = {16730B26-448C-4158-A3A9-04C297F524B9}
	EndGlobalSection
EndGlobal
